{
  "name": "nodejs-seedlink-data-proxy",
  "version": "1.0.0",
  "lockfileVersion": 3,
  "requires": true,
  "packages": {
    "": {
      "name": "nodejs-seedlink-data-proxy",
      "version": "1.0.0",
      "license": "MIT",
      "dependencies": {
        "libmseedjs": "^1.0.0",
        "ws": "^5.2.1"
      },
      "devDependencies": {}
    },
    "node_modules/async-limiter": {
      "version": "1.0.0",
      "resolved": "https://registry.npmjs.org/async-limiter/-/async-limiter-1.0.0.tgz",
      "integrity": "sha512-jp/uFnooOiO+L211eZOoSyzpOITMXx1rBITauYykG3BRYPu8h0UcxsPNB04RR5vo4Tyz3+ay17tR6JVf9qzYWg=="
    },
    "node_modules/libmseedjs": {
      "version": "1.0.2",
      "resolved": "https://registry.npmjs.org/libmseedjs/-/libmseedjs-1.0.2.tgz",
      "integrity": "sha512-BOirU/BXmm2F7E4GUspJR6DzLabUTwqqRBw29dFdaK1TM/W3TC9fP/Q40CEAOrslmHVwOokx6YgSCHdLd4WISg=="
    },
    "node_modules/ws": {
      "version": "5.2.4",
      "resolved": "https://registry.npmjs.org/ws/-/ws-5.2.4.tgz",
      "integrity": "sha512-fFCejsuC8f9kOSu9FYaOw8CdO68O3h5v0lg4p74o8JqWpwTf9tniOD+nOB78aWoVSS6WptVUmDrp/KPsMVBWFQ==",
      "license": "MIT",
      "dependencies": {
        "async-limiter": "~1.0.0"
      }
    }
  }
}
